
Microsoft Visual Studio Solution File, Format Version 12.00
# Visual Studio Version 17
VisualStudioVersion = 17.7.34221.43
MinimumVisualStudioVersion = 10.0.40219.1
Project("{FAE04EC0-301F-11D3-BF4B-00C04F79EFBC}") = "skillsight.Test", "skillsight.Test.csproj", "{1113FCA2-832A-468B-9962-FF4893502C83}"
EndProject
Global
	GlobalSection(SolutionConfigurationPlatforms) = preSolution
		Debug|Any CPU = Debug|Any CPU
		Release|Any CPU = Release|Any CPU
	EndGlobalSection
	GlobalSection(ProjectConfigurationPlatforms) = postSolution
		{1113FCA2-832A-468B-9962-FF4893502C83}.Debug|Any CPU.ActiveCfg = Debug|Any CPU
		{1113FCA2-832A-468B-9962-FF4893502C83}.Debug|Any CPU.Build.0 = Debug|Any CPU
		{1113FCA2-832A-468B-9962-FF4893502C83}.Release|Any CPU.ActiveCfg = Release|Any CPU
		{1113FCA2-832A-468B-9962-FF4893502C83}.Release|Any CPU.Build.0 = Release|Any CPU
	EndGlobalSection
	GlobalSection(SolutionProperties) = preSolution
		HideSolutionNode = FALSE
	EndGlobalSection
	GlobalSection(ExtensibilityGlobals) = postSolution
		SolutionGuid = {2EFA27AF-E1F8-4DD9-83D2-30DD8A2632AA}
	EndGlobalSection
EndGlobal
